
Microsoft Visual Studio Solution File, Format Version 12.00
# Visual Studio Version 16
VisualStudioVersion = 16.0.30611.23
MinimumVisualStudioVersion = 10.0.40219.1
Project("{FAE04EC0-301F-11D3-BF4B-00C04F79EFBC}") = "CyberDaySystem", "CyberDaySystem\CyberDaySystem.csproj", "{93354638-6409-4E34-B6B0-AE3B8F4DF504}"
EndProject
Global
	GlobalSection(SolutionConfigurationPlatforms) = preSolution
		Debug|Any CPU = Debug|Any CPU
		Release|Any CPU = Release|Any CPU
	EndGlobalSection
	GlobalSection(ProjectConfigurationPlatforms) = postSolution
		{93354638-6409-4E34-B6B0-AE3B8F4DF504}.Debug|Any CPU.ActiveCfg = Debug|Any CPU
		{93354638-6409-4E34-B6B0-AE3B8F4DF504}.Debug|Any CPU.Build.0 = Debug|Any CPU
		{93354638-6409-4E34-B6B0-AE3B8F4DF504}.Release|Any CPU.ActiveCfg = Release|Any CPU
		{93354638-6409-4E34-B6B0-AE3B8F4DF504}.Release|Any CPU.Build.0 = Release|Any CPU
	EndGlobalSection
	GlobalSection(SolutionProperties) = preSolution
		HideSolutionNode = FALSE
	EndGlobalSection
	GlobalSection(ExtensibilityGlobals) = postSolution
		SolutionGuid = {C97A8A61-08F9-4B05-9CFD-6EA193018367}
	EndGlobalSection
EndGlobal
